{
  "name": "delawaresedation",
  "version": "1.0.0",
  "lockfileVersion": 3,
  "requires": true,
  "packages": {
    "": {
      "name": "delawaresedation",
      "dependencies": {
        "@opinly/backend": "^1.6.0",
        "@opinly/shared": "^1.6.0"
      }
    },
    "node_modules/@opinly/backend": {
      "version": "1.6.0",
      "resolved": "https://registry.npmjs.org/@opinly/backend/-/backend-1.6.0.tgz",
      "integrity": "sha512-pqSUoTLXBMSJrNMK5wCDupHzRdqyYnrKtZRjWGGaM8xaJNML/b7u7rpYgjdfN1mRLk9tBDEa95bPd0e+b7m3zA==",
      "dependencies": {
        "openapi-fetch": "^0.17.0"
      },
      "engines": {
        "node": ">=20.19"
      }
    },
    "node_modules/@opinly/shared": {
      "version": "1.6.0",
      "resolved": "https://registry.npmjs.org/@opinly/shared/-/shared-1.6.0.tgz",
      "integrity": "sha512-nLuQs3neaKw+OcSrTa/LlPfAuEF6cg97PCAjBb4W4pqyvJN/rIZJvAvRgFv5FZdmidk+5gu8Se2YeTIncZx9Ig==",
      "engines": {
        "node": ">=20.19"
      }
    },
    "node_modules/openapi-fetch": {
      "version": "0.17.0",
      "resolved": "https://registry.npmjs.org/openapi-fetch/-/openapi-fetch-0.17.0.tgz",
      "integrity": "sha512-PsbZR1wAPcG91eEthKhN+Zn92FMHxv+/faECIwjXdxfTODGSGegYv0sc1Olz+HYPvKOuoXfp+0pA2XVt2cI0Ig==",
      "license": "MIT",
      "dependencies": {
        "openapi-typescript-helpers": "^0.1.0"
      }
    },
    "node_modules/openapi-typescript-helpers": {
      "version": "0.1.0",
      "resolved": "https://registry.npmjs.org/openapi-typescript-helpers/-/openapi-typescript-helpers-0.1.0.tgz",
      "integrity": "sha512-OKTGPthhivLw/fHz6c3OPtg72vi86qaMlqbJuVJ23qOvQ+53uw1n7HdmkJFibloF7QEjDrDkzJiOJuockM/ljw==",
      "license": "MIT"
    }
  }
}
